
Microsoft Visual Studio Solution File, Format Version 12.00
# Visual Studio Version 17
VisualStudioVersion = 17.14.36414.22 d17.14
MinimumVisualStudioVersion = 10.0.40219.1
Project("{FAE04EC0-301F-11D3-BF4B-00C04F79EFBC}") = "ZLauncher", "ZLauncher.csproj", "{75E82A19-3B7C-0711-BE85-05DD64B5CE51}"
EndProject
Project("{FAE04EC0-301F-11D3-BF4B-00C04F79EFBC}") = "ZLauncher.Desktop", "..\ZLauncher.Desktop\ZLauncher.Desktop.csproj", "{9683C29E-FEBB-BD36-5FAB-B349A90A8B89}"
EndProject
Global
	GlobalSection(SolutionConfigurationPlatforms) = preSolution
		Debug|Any CPU = Debug|Any CPU
		Release|Any CPU = Release|Any CPU
	EndGlobalSection
	GlobalSection(ProjectConfigurationPlatforms) = postSolution
		{75E82A19-3B7C-0711-BE85-05DD64B5CE51}.Debug|Any CPU.ActiveCfg = Debug|Any CPU
		{75E82A19-3B7C-0711-BE85-05DD64B5CE51}.Debug|Any CPU.Build.0 = Debug|Any CPU
		{75E82A19-3B7C-0711-BE85-05DD64B5CE51}.Release|Any CPU.ActiveCfg = Release|Any CPU
		{75E82A19-3B7C-0711-BE85-05DD64B5CE51}.Release|Any CPU.Build.0 = Release|Any CPU
		{9683C29E-FEBB-BD36-5FAB-B349A90A8B89}.Debug|Any CPU.ActiveCfg = Debug|Any CPU
		{9683C29E-FEBB-BD36-5FAB-B349A90A8B89}.Debug|Any CPU.Build.0 = Debug|Any CPU
		{9683C29E-FEBB-BD36-5FAB-B349A90A8B89}.Release|Any CPU.ActiveCfg = Release|Any CPU
		{9683C29E-FEBB-BD36-5FAB-B349A90A8B89}.Release|Any CPU.Build.0 = Release|Any CPU
	EndGlobalSection
	GlobalSection(SolutionProperties) = preSolution
		HideSolutionNode = FALSE
	EndGlobalSection
	GlobalSection(ExtensibilityGlobals) = postSolution
		SolutionGuid = {4F9978D9-96D4-4CE9-A47B-CA1AE9B9737D}
	EndGlobalSection
EndGlobal
